
Microsoft Visual Studio Solution File, Format Version 12.00
# Visual Studio Version 16
VisualStudioVersion = 16.0.31702.278
MinimumVisualStudioVersion = 10.0.40219.1
Project("{FAE04EC0-301F-11D3-BF4B-00C04F79EFBC}") = "Sticky Notes", "Sticky Notes\Sticky Notes.csproj", "{A78DCFFF-C075-4182-ACD5-521A6C4B817D}"
EndProject
Global
	GlobalSection(SolutionConfigurationPlatforms) = preSolution
		Debug|Any CPU = Debug|Any CPU
		Release|Any CPU = Release|Any CPU
	EndGlobalSection
	GlobalSection(ProjectConfigurationPlatforms) = postSolution
		{A78DCFFF-C075-4182-ACD5-521A6C4B817D}.Debug|Any CPU.ActiveCfg = Debug|Any CPU
		{A78DCFFF-C075-4182-ACD5-521A6C4B817D}.Debug|Any CPU.Build.0 = Debug|Any CPU
		{A78DCFFF-C075-4182-ACD5-521A6C4B817D}.Release|Any CPU.ActiveCfg = Release|Any CPU
		{A78DCFFF-C075-4182-ACD5-521A6C4B817D}.Release|Any CPU.Build.0 = Release|Any CPU
	EndGlobalSection
	GlobalSection(SolutionProperties) = preSolution
		HideSolutionNode = FALSE
	EndGlobalSection
	GlobalSection(ExtensibilityGlobals) = postSolution
		SolutionGuid = {DD6E44C5-E3E1-4F38-8C8A-CCCA13770B72}
	EndGlobalSection
EndGlobal
